
Microsoft Visual Studio Solution File, Format Version 12.00
# Visual Studio Version 17
VisualStudioVersion = 17.0.31903.59
MinimumVisualStudioVersion = 10.0.40219.1
Project("{2150E333-8FDC-42A3-9474-1A3956D46DE8}") = "src", "src", "{827E0CD3-B72D-47B6-A68D-7590B98EB39B}"
EndProject
Project("{FAE04EC0-301F-11D3-BF4B-00C04F79EFBC}") = "TaskManagement.Core", "src\TaskManagement.Core\TaskManagement.Core.csproj", "{568BD21E-83D6-4A25-AB6C-2FC285EF54A5}"
EndProject
Project("{FAE04EC0-301F-11D3-BF4B-00C04F79EFBC}") = "TaskManagement.Application", "src\TaskManagement.Application\TaskManagement.Application.csproj", "{C918D13C-D83B-4FB3-8AF1-DA1A8D960A80}"
EndProject
Project("{FAE04EC0-301F-11D3-BF4B-00C04F79EFBC}") = "TaskManagement.Infrastructure", "src\TaskManagement.Infrastructure\TaskManagement.Infrastructure.csproj", "{49508FD6-3322-49B0-97BC-A7A164972C05}"
EndProject
Project("{FAE04EC0-301F-11D3-BF4B-00C04F79EFBC}") = "TaskManagement.API", "src\TaskManagement.API\TaskManagement.API.csproj", "{5CE809CF-48ED-401B-997E-A8D57364BB42}"
EndProject
Project("{FAE04EC0-301F-11D3-BF4B-00C04F79EFBC}") = "TaskManagement.Desktop", "src\TaskManagement.Desktop\TaskManagement.Desktop.csproj", "{DFC1DA96-68CF-4317-A2FE-8F50288ED569}"
EndProject
Project("{FAE04EC0-301F-11D3-BF4B-00C04F79EFBC}") = "TaskManagement.Tests", "tests\TaskManagement.Tests\TaskManagement.Tests.csproj", "{1738FE41-1B44-4784-8189-7A98F82E424C}"
EndProject
Global
	GlobalSection(SolutionConfigurationPlatforms) = preSolution
		Debug|Any CPU = Debug|Any CPU
		Debug|x64 = Debug|x64
		Debug|x86 = Debug|x86
		Release|Any CPU = Release|Any CPU
		Release|x64 = Release|x64
		Release|x86 = Release|x86
	EndGlobalSection
	GlobalSection(ProjectConfigurationPlatforms) = postSolution
		{568BD21E-83D6-4A25-AB6C-2FC285EF54A5}.Debug|Any CPU.ActiveCfg = Debug|Any CPU
		{568BD21E-83D6-4A25-AB6C-2FC285EF54A5}.Debug|Any CPU.Build.0 = Debug|Any CPU
		{568BD21E-83D6-4A25-AB6C-2FC285EF54A5}.Debug|x64.ActiveCfg = Debug|Any CPU
		{568BD21E-83D6-4A25-AB6C-2FC285EF54A5}.Debug|x64.Build.0 = Debug|Any CPU
		{568BD21E-83D6-4A25-AB6C-2FC285EF54A5}.Debug|x86.ActiveCfg = Debug|Any CPU
		{568BD21E-83D6-4A25-AB6C-2FC285EF54A5}.Debug|x86.Build.0 = Debug|Any CPU
		{568BD21E-83D6-4A25-AB6C-2FC285EF54A5}.Release|Any CPU.ActiveCfg = Release|Any CPU
		{568BD21E-83D6-4A25-AB6C-2FC285EF54A5}.Release|Any CPU.Build.0 = Release|Any CPU
		{568BD21E-83D6-4A25-AB6C-2FC285EF54A5}.Release|x64.ActiveCfg = Release|Any CPU
		{568BD21E-83D6-4A25-AB6C-2FC285EF54A5}.Release|x64.Build.0 = Release|Any CPU
		{568BD21E-83D6-4A25-AB6C-2FC285EF54A5}.Release|x86.ActiveCfg = Release|Any CPU
		{568BD21E-83D6-4A25-AB6C-2FC285EF54A5}.Release|x86.Build.0 = Release|Any CPU
		{C918D13C-D83B-4FB3-8AF1-DA1A8D960A80}.Debug|Any CPU.ActiveCfg = Debug|Any CPU
		{C918D13C-D83B-4FB3-8AF1-DA1A8D960A80}.Debug|Any CPU.Build.0 = Debug|Any CPU
		{C918D13C-D83B-4FB3-8AF1-DA1A8D960A80}.Debug|x64.ActiveCfg = Debug|Any CPU
		{C918D13C-D83B-4FB3-8AF1-DA1A8D960A80}.Debug|x64.Build.0 = Debug|Any CPU
		{C918D13C-D83B-4FB3-8AF1-DA1A8D960A80}.Debug|x86.ActiveCfg = Debug|Any CPU
		{C918D13C-D83B-4FB3-8AF1-DA1A8D960A80}.Debug|x86.Build.0 = Debug|Any CPU
		{C918D13C-D83B-4FB3-8AF1-DA1A8D960A80}.Release|Any CPU.ActiveCfg = Release|Any CPU
		{C918D13C-D83B-4FB3-8AF1-DA1A8D960A80}.Release|Any CPU.Build.0 = Release|Any CPU
		{C918D13C-D83B-4FB3-8AF1-DA1A8D960A80}.Release|x64.ActiveCfg = Release|Any CPU
		{C918D13C-D83B-4FB3-8AF1-DA1A8D960A80}.Release|x64.Build.0 = Release|Any CPU
		{C918D13C-D83B-4FB3-8AF1-DA1A8D960A80}.Release|x86.ActiveCfg = Release|Any CPU
		{C918D13C-D83B-4FB3-8AF1-DA1A8D960A80}.Release|x86.Build.0 = Release|Any CPU
		{49508FD6-3322-49B0-97BC-A7A164972C05}.Debug|Any CPU.ActiveCfg = Debug|Any CPU
		{49508FD6-3322-49B0-97BC-A7A164972C05}.Debug|Any CPU.Build.0 = Debug|Any CPU
		{49508FD6-3322-49B0-97BC-A7A164972C05}.Debug|x64.ActiveCfg = Debug|Any CPU
		{49508FD6-3322-49B0-97BC-A7A164972C05}.Debug|x64.Build.0 = Debug|Any CPU
		{49508FD6-3322-49B0-97BC-A7A164972C05}.Debug|x86.ActiveCfg = Debug|Any CPU
		{49508FD6-3322-49B0-97BC-A7A164972C05}.Debug|x86.Build.0 = Debug|Any CPU
		{49508FD6-3322-49B0-97BC-A7A164972C05}.Release|Any CPU.ActiveCfg = Release|Any CPU
		{49508FD6-3322-49B0-97BC-A7A164972C05}.Release|Any CPU.Build.0 = Release|Any CPU
		{49508FD6-3322-49B0-97BC-A7A164972C05}.Release|x64.ActiveCfg = Release|Any CPU
		{49508FD6-3322-49B0-97BC-A7A164972C05}.Release|x64.Build.0 = Release|Any CPU
		{49508FD6-3322-49B0-97BC-A7A164972C05}.Release|x86.ActiveCfg = Release|Any CPU
		{49508FD6-3322-49B0-97BC-A7A164972C05}.Release|x86.Build.0 = Release|Any CPU
		{5CE809CF-48ED-401B-997E-A8D57364BB42}.Debug|Any CPU.ActiveCfg = Debug|Any CPU
		{5CE809CF-48ED-401B-997E-A8D57364BB42}.Debug|Any CPU.Build.0 = Debug|Any CPU
		{5CE809CF-48ED-401B-997E-A8D57364BB42}.Debug|x64.ActiveCfg = Debug|Any CPU
		{5CE809CF-48ED-401B-997E-A8D57364BB42}.Debug|x64.Build.0 = Debug|Any CPU
		{5CE809CF-48ED-401B-997E-A8D57364BB42}.Debug|x86.ActiveCfg = Debug|Any CPU
		{5CE809CF-48ED-401B-997E-A8D57364BB42}.Debug|x86.Build.0 = Debug|Any CPU
		{5CE809CF-48ED-401B-997E-A8D57364BB42}.Release|Any CPU.ActiveCfg = Release|Any CPU
		{5CE809CF-48ED-401B-997E-A8D57364BB42}.Release|Any CPU.Build.0 = Release|Any CPU
		{5CE809CF-48ED-401B-997E-A8D57364BB42}.Release|x64.ActiveCfg = Release|Any CPU
		{5CE809CF-48ED-401B-997E-A8D57364BB42}.Release|x64.Build.0 = Release|Any CPU
		{5CE809CF-48ED-401B-997E-A8D57364BB42}.Release|x86.ActiveCfg = Release|Any CPU
		{5CE809CF-48ED-401B-997E-A8D57364BB42}.Release|x86.Build.0 = Release|Any CPU
		{DFC1DA96-68CF-4317-A2FE-8F50288ED569}.Debug|Any CPU.ActiveCfg = Debug|Any CPU
		{DFC1DA96-68CF-4317-A2FE-8F50288ED569}.Debug|Any CPU.Build.0 = Debug|Any CPU
		{DFC1DA96-68CF-4317-A2FE-8F50288ED569}.Debug|x64.ActiveCfg = Debug|Any CPU
		{DFC1DA96-68CF-4317-A2FE-8F50288ED569}.Debug|x64.Build.0 = Debug|Any CPU
		{DFC1DA96-68CF-4317-A2FE-8F50288ED569}.Debug|x86.ActiveCfg = Debug|Any CPU
		{DFC1DA96-68CF-4317-A2FE-8F50288ED569}.Debug|x86.Build.0 = Debug|Any CPU
		{DFC1DA96-68CF-4317-A2FE-8F50288ED569}.Release|Any CPU.ActiveCfg = Release|Any CPU
		{DFC1DA96-68CF-4317-A2FE-8F50288ED569}.Release|Any CPU.Build.0 = Release|Any CPU
		{DFC1DA96-68CF-4317-A2FE-8F50288ED569}.Release|x64.ActiveCfg = Release|Any CPU
		{DFC1DA96-68CF-4317-A2FE-8F50288ED569}.Release|x64.Build.0 = Release|Any CPU
		{DFC1DA96-68CF-4317-A2FE-8F50288ED569}.Release|x86.ActiveCfg = Release|Any CPU
		{DFC1DA96-68CF-4317-A2FE-8F50288ED569}.Release|x86.Build.0 = Release|Any CPU
		{1738FE41-1B44-4784-8189-7A98F82E424C}.Debug|Any CPU.ActiveCfg = Debug|Any CPU
		{1738FE41-1B44-4784-8189-7A98F82E424C}.Debug|Any CPU.Build.0 = Debug|Any CPU
		{1738FE41-1B44-4784-8189-7A98F82E424C}.Debug|x64.ActiveCfg = Debug|Any CPU
		{1738FE41-1B44-4784-8189-7A98F82E424C}.Debug|x64.Build.0 = Debug|Any CPU
		{1738FE41-1B44-4784-8189-7A98F82E424C}.Debug|x86.ActiveCfg = Debug|Any CPU
		{1738FE41-1B44-4784-8189-7A98F82E424C}.Debug|x86.Build.0 = Debug|Any CPU
		{1738FE41-1B44-4784-8189-7A98F82E424C}.Release|Any CPU.ActiveCfg = Release|Any CPU
		{1738FE41-1B44-4784-8189-7A98F82E424C}.Release|Any CPU.Build.0 = Release|Any CPU
		{1738FE41-1B44-4784-8189-7A98F82E424C}.Release|x64.ActiveCfg = Release|Any CPU
		{1738FE41-1B44-4784-8189-7A98F82E424C}.Release|x64.Build.0 = Release|Any CPU
		{1738FE41-1B44-4784-8189-7A98F82E424C}.Release|x86.ActiveCfg = Release|Any CPU
		{1738FE41-1B44-4784-8189-7A98F82E424C}.Release|x86.Build.0 = Release|Any CPU
	EndGlobalSection
	GlobalSection(SolutionProperties) = preSolution
		HideSolutionNode = FALSE
	EndGlobalSection
	GlobalSection(NestedProjects) = preSolution
		{568BD21E-83D6-4A25-AB6C-2FC285EF54A5} = {827E0CD3-B72D-47B6-A68D-7590B98EB39B}
		{C918D13C-D83B-4FB3-8AF1-DA1A8D960A80} = {827E0CD3-B72D-47B6-A68D-7590B98EB39B}
		{49508FD6-3322-49B0-97BC-A7A164972C05} = {827E0CD3-B72D-47B6-A68D-7590B98EB39B}
		{5CE809CF-48ED-401B-997E-A8D57364BB42} = {827E0CD3-B72D-47B6-A68D-7590B98EB39B}
		{DFC1DA96-68CF-4317-A2FE-8F50288ED569} = {827E0CD3-B72D-47B6-A68D-7590B98EB39B}
		{1738FE41-1B44-4784-8189-7A98F82E424C} = {827E0CD3-B72D-47B6-A68D-7590B98EB39B}
	EndGlobalSection
EndGlobal
